
Microsoft Visual Studio Solution File, Format Version 12.00
# Visual Studio Version 17
VisualStudioVersion = 17.2.32616.157
MinimumVisualStudioVersion = 10.0.40219.1
Project("{FAE04EC0-301F-11D3-BF4B-00C04F79EFBC}") = "Rejserute", "Rejserute\Rejserute.csproj", "{0A6D5684-B64D-4703-9B32-0AE72EC35B96}"
EndProject
Global
	GlobalSection(SolutionConfigurationPlatforms) = preSolution
		Debug|Any CPU = Debug|Any CPU
		Release|Any CPU = Release|Any CPU
	EndGlobalSection
	GlobalSection(ProjectConfigurationPlatforms) = postSolution
		{0A6D5684-B64D-4703-9B32-0AE72EC35B96}.Debug|Any CPU.ActiveCfg = Debug|Any CPU
		{0A6D5684-B64D-4703-9B32-0AE72EC35B96}.Debug|Any CPU.Build.0 = Debug|Any CPU
		{0A6D5684-B64D-4703-9B32-0AE72EC35B96}.Release|Any CPU.ActiveCfg = Release|Any CPU
		{0A6D5684-B64D-4703-9B32-0AE72EC35B96}.Release|Any CPU.Build.0 = Release|Any CPU
	EndGlobalSection
	GlobalSection(SolutionProperties) = preSolution
		HideSolutionNode = FALSE
	EndGlobalSection
	GlobalSection(ExtensibilityGlobals) = postSolution
		SolutionGuid = {0344121D-E71A-4E90-A866-3D4F2C0F3F63}
	EndGlobalSection
EndGlobal
